
Microsoft Visual Studio Solution File, Format Version 12.00
# Visual Studio 15
VisualStudioVersion = 15.0.27004.2005
MinimumVisualStudioVersion = 10.0.40219.1
Project("{FAE04EC0-301F-11D3-BF4B-00C04F79EFBC}") = "Stat_Pattern", "Stat_Pattern\Stat_Pattern.csproj", "{2C8BC287-FEF1-44EB-A8CD-93ECA2686007}"
EndProject
Global
	GlobalSection(SolutionConfigurationPlatforms) = preSolution
		Debug|Any CPU = Debug|Any CPU
		Release|Any CPU = Release|Any CPU
	EndGlobalSection
	GlobalSection(ProjectConfigurationPlatforms) = postSolution
		{2C8BC287-FEF1-44EB-A8CD-93ECA2686007}.Debug|Any CPU.ActiveCfg = Debug|Any CPU
		{2C8BC287-FEF1-44EB-A8CD-93ECA2686007}.Debug|Any CPU.Build.0 = Debug|Any CPU
		{2C8BC287-FEF1-44EB-A8CD-93ECA2686007}.Release|Any CPU.ActiveCfg = Release|Any CPU
		{2C8BC287-FEF1-44EB-A8CD-93ECA2686007}.Release|Any CPU.Build.0 = Release|Any CPU
	EndGlobalSection
	GlobalSection(SolutionProperties) = preSolution
		HideSolutionNode = FALSE
	EndGlobalSection
	GlobalSection(ExtensibilityGlobals) = postSolution
		SolutionGuid = {339955C7-3068-403D-949C-5579DC49F173}
	EndGlobalSection
EndGlobal
